// !$*UTF8*$!
{
	archiveVersion = 1;
	classes = {
	};
	objectVersion = 50;
	objects = {

/* Begin PBXBuildFile section */
		012ABD9C241CF88900EBEC9B /* DDAlert.framework in Frameworks */ = {isa = PBXBuildFile; fileRef = 012ABD92241CF88900EBEC9B /* DDAlert.framework */; };
		012ABDA1241CF88900EBEC9B /* DDAlertTests.swift in Sources */ = {isa = PBXBuildFile; fileRef = 012ABDA0241CF88900EBEC9B /* DDAlertTests.swift */; };
		012ABDA3241CF88900EBEC9B /* DDAlert.h in Headers */ = {isa = PBXBuildFile; fileRef = 012ABD95241CF88900EBEC9B /* DDAlert.h */; settings = {ATTRIBUTES = (Public, ); }; };
		012ABDB3241D022B00EBEC9B /* AppDelegate.swift in Sources */ = {isa = PBXBuildFile; fileRef = 012ABDB2241D022B00EBEC9B /* AppDelegate.swift */; };
		012ABDBC241D022E00EBEC9B /* Assets.xcassets in Resources */ = {isa = PBXBuildFile; fileRef = 012ABDBB241D022E00EBEC9B /* Assets.xcassets */; };
		012ABDBF241D022E00EBEC9B /* LaunchScreen.storyboard in Resources */ = {isa = PBXBuildFile; fileRef = 012ABDBD241D022E00EBEC9B /* LaunchScreen.storyboard */; };
		012ABDC8241D045500EBEC9B /* DDAlert.swift in Sources */ = {isa = PBXBuildFile; fileRef = 012ABDC6241D045500EBEC9B /* DDAlert.swift */; };
		012ABDC9241D045500EBEC9B /* DDAlert.xib in Resources */ = {isa = PBXBuildFile; fileRef = 012ABDC7241D045500EBEC9B /* DDAlert.xib */; };
		012ABDCB241D081A00EBEC9B /* SimpleViewController.swift in Sources */ = {isa = PBXBuildFile; fileRef = 012ABDCA241D081A00EBEC9B /* SimpleViewController.swift */; };
		01D9BFB1241D0FD50034E534 /* DDAlert.podspec in Resources */ = {isa = PBXBuildFile; fileRef = 01D9BFB0241D0FD50034E534 /* DDAlert.podspec */; };
		01D9BFB3241D10E60034E534 /* DDAlertView.swift in Sources */ = {isa = PBXBuildFile; fileRef = 01D9BFB2241D10E60034E534 /* DDAlertView.swift */; };
		01D9BFB7241D1B100034E534 /* DDAlertAppearance.swift in Sources */ = {isa = PBXBuildFile; fileRef = 01D9BFB6241D1B100034E534 /* DDAlertAppearance.swift */; };
		01D9BFB9241D30F40034E534 /* DDAlertView.xib in Resources */ = {isa = PBXBuildFile; fileRef = 01D9BFB8241D30F40034E534 /* DDAlertView.xib */; };
		01D9BFBB241D46590034E534 /* DDAlertAction.swift in Sources */ = {isa = PBXBuildFile; fileRef = 01D9BFBA241D46590034E534 /* DDAlertAction.swift */; };
		01D9BFBD241D49580034E534 /* DDAlertActionAppearance.swift in Sources */ = {isa = PBXBuildFile; fileRef = 01D9BFBC241D49580034E534 /* DDAlertActionAppearance.swift */; };
		01D9BFBF241D4C2B0034E534 /* DDAlertButton.swift in Sources */ = {isa = PBXBuildFile; fileRef = 01D9BFBE241D4C2B0034E534 /* DDAlertButton.swift */; };
/* End PBXBuildFile section */

/* Begin PBXContainerItemProxy section */
		012ABD9D241CF88900EBEC9B /* PBXContainerItemProxy */ = {
			isa = PBXContainerItemProxy;
			containerPortal = 012ABD89241CF88900EBEC9B /* Project object */;
			proxyType = 1;
			remoteGlobalIDString = 012ABD91241CF88900EBEC9B;
			remoteInfo = DDAlert;
		};
/* End PBXContainerItemProxy section */

/* Begin PBXFileReference section */
		012ABD92241CF88900EBEC9B /* DDAlert.framework */ = {isa = PBXFileReference; explicitFileType = wrapper.framework; includeInIndex = 0; path = DDAlert.framework; sourceTree = BUILT_PRODUCTS_DIR; };
		012ABD95241CF88900EBEC9B /* DDAlert.h */ = {isa = PBXFileReference; lastKnownFileType = sourcecode.c.h; path = DDAlert.h; sourceTree = "<group>"; };
		012ABD96241CF88900EBEC9B /* Info.plist */ = {isa = PBXFileReference; lastKnownFileType = text.plist.xml; path = Info.plist; sourceTree = "<group>"; };
		012ABD9B241CF88900EBEC9B /* DDAlertTests.xctest */ = {isa = PBXFileReference; explicitFileType = wrapper.cfbundle; includeInIndex = 0; path = DDAlertTests.xctest; sourceTree = BUILT_PRODUCTS_DIR; };
		012ABDA0241CF88900EBEC9B /* DDAlertTests.swift */ = {isa = PBXFileReference; lastKnownFileType = sourcecode.swift; path = DDAlertTests.swift; sourceTree = "<group>"; };
		012ABDA2241CF88900EBEC9B /* Info.plist */ = {isa = PBXFileReference; lastKnownFileType = text.plist.xml; path = Info.plist; sourceTree = "<group>"; };
		012ABDB0241D022B00EBEC9B /* Example.app */ = {isa = PBXFileReference; explicitFileType = wrapper.application; includeInIndex = 0; path = Example.app; sourceTree = BUILT_PRODUCTS_DIR; };
		012ABDB2241D022B00EBEC9B /* AppDelegate.swift */ = {isa = PBXFileReference; lastKnownFileType = sourcecode.swift; path = AppDelegate.swift; sourceTree = "<group>"; };
		012ABDBB241D022E00EBEC9B /* Assets.xcassets */ = {isa = PBXFileReference; lastKnownFileType = folder.assetcatalog; path = Assets.xcassets; sourceTree = "<group>"; };
		012ABDBE241D022E00EBEC9B /* Base */ = {isa = PBXFileReference; lastKnownFileType = file.storyboard; name = Base; path = Base.lproj/LaunchScreen.storyboard; sourceTree = "<group>"; };
		012ABDC0241D022E00EBEC9B /* Info.plist */ = {isa = PBXFileReference; lastKnownFileType = text.plist.xml; path = Info.plist; sourceTree = "<group>"; };
		012ABDC6241D045500EBEC9B /* DDAlert.swift */ = {isa = PBXFileReference; lastKnownFileType = sourcecode.swift; path = DDAlert.swift; sourceTree = "<group>"; };
		012ABDC7241D045500EBEC9B /* DDAlert.xib */ = {isa = PBXFileReference; lastKnownFileType = file.xib; path = DDAlert.xib; sourceTree = "<group>"; };
		012ABDCA241D081A00EBEC9B /* SimpleViewController.swift */ = {isa = PBXFileReference; lastKnownFileType = sourcecode.swift; path = SimpleViewController.swift; sourceTree = "<group>"; };
		01D9BFB0241D0FD50034E534 /* DDAlert.podspec */ = {isa = PBXFileReference; lastKnownFileType = file; path = DDAlert.podspec; sourceTree = SOURCE_ROOT; };
		01D9BFB2241D10E60034E534 /* DDAlertView.swift */ = {isa = PBXFileReference; lastKnownFileType = sourcecode.swift; path = DDAlertView.swift; sourceTree = "<group>"; };
		01D9BFB6241D1B100034E534 /* DDAlertAppearance.swift */ = {isa = PBXFileReference; lastKnownFileType = sourcecode.swift; path = DDAlertAppearance.swift; sourceTree = "<group>"; };
		01D9BFB8241D30F40034E534 /* DDAlertView.xib */ = {isa = PBXFileReference; fileEncoding = 4; lastKnownFileType = file.xib; path = DDAlertView.xib; sourceTree = "<group>"; };
		01D9BFBA241D46590034E534 /* DDAlertAction.swift */ = {isa = PBXFileReference; lastKnownFileType = sourcecode.swift; path = DDAlertAction.swift; sourceTree = "<group>"; };
		01D9BFBC241D49580034E534 /* DDAlertActionAppearance.swift */ = {isa = PBXFileReference; lastKnownFileType = sourcecode.swift; path = DDAlertActionAppearance.swift; sourceTree = "<group>"; };
		01D9BFBE241D4C2B0034E534 /* DDAlertButton.swift */ = {isa = PBXFileReference; lastKnownFileType = sourcecode.swift; path = DDAlertButton.swift; sourceTree = "<group>"; };
/* End PBXFileReference section */

/* Begin PBXFrameworksBuildPhase section */
		012ABD8F241CF88900EBEC9B /* Frameworks */ = {
			isa = PBXFrameworksBuildPhase;
			buildActionMask = 2147483647;
			files = (
			);
			runOnlyForDeploymentPostprocessing = 0;
		};
		012ABD98241CF88900EBEC9B /* Frameworks */ = {
			isa = PBXFrameworksBuildPhase;
			buildActionMask = 2147483647;
			files = (
				012ABD9C241CF88900EBEC9B /* DDAlert.framework in Frameworks */,
			);
			runOnlyForDeploymentPostprocessing = 0;
		};
		012ABDAD241D022B00EBEC9B /* Frameworks */ = {
			isa = PBXFrameworksBuildPhase;
			buildActionMask = 2147483647;
			files = (
			);
			runOnlyForDeploymentPostprocessing = 0;
		};
/* End PBXFrameworksBuildPhase section */

/* Begin PBXGroup section */
		012ABD88241CF88900EBEC9B = {
			isa = PBXGroup;
			children = (
				012ABD94241CF88900EBEC9B /* DDAlert */,
				012ABD9F241CF88900EBEC9B /* DDAlertTests */,
				012ABDB1241D022B00EBEC9B /* Example */,
				012ABD93241CF88900EBEC9B /* Products */,
			);
			sourceTree = "<group>";
		};
		012ABD93241CF88900EBEC9B /* Products */ = {
			isa = PBXGroup;
			children = (
				012ABD92241CF88900EBEC9B /* DDAlert.framework */,
				012ABD9B241CF88900EBEC9B /* DDAlertTests.xctest */,
				012ABDB0241D022B00EBEC9B /* Example.app */,
			);
			name = Products;
			sourceTree = "<group>";
		};
		012ABD94241CF88900EBEC9B /* DDAlert */ = {
			isa = PBXGroup;
			children = (
				012ABDC5241D041700EBEC9B /* Source */,
				012ABDC4241D03B500EBEC9B /* Config files */,
			);
			path = DDAlert;
			sourceTree = "<group>";
		};
		012ABD9F241CF88900EBEC9B /* DDAlertTests */ = {
			isa = PBXGroup;
			children = (
				012ABDA0241CF88900EBEC9B /* DDAlertTests.swift */,
				012ABDA2241CF88900EBEC9B /* Info.plist */,
			);
			path = DDAlertTests;
			sourceTree = "<group>";
		};
		012ABDB1241D022B00EBEC9B /* Example */ = {
			isa = PBXGroup;
			children = (
				012ABDB2241D022B00EBEC9B /* AppDelegate.swift */,
				012ABDCA241D081A00EBEC9B /* SimpleViewController.swift */,
				012ABDBB241D022E00EBEC9B /* Assets.xcassets */,
				012ABDBD241D022E00EBEC9B /* LaunchScreen.storyboard */,
				012ABDC0241D022E00EBEC9B /* Info.plist */,
			);
			path = Example;
			sourceTree = "<group>";
		};
		012ABDC4241D03B500EBEC9B /* Config files */ = {
			isa = PBXGroup;
			children = (
				01D9BFB0241D0FD50034E534 /* DDAlert.podspec */,
				012ABD95241CF88900EBEC9B /* DDAlert.h */,
				012ABD96241CF88900EBEC9B /* Info.plist */,
			);
			path = "Config files";
			sourceTree = "<group>";
		};
		012ABDC5241D041700EBEC9B /* Source */ = {
			isa = PBXGroup;
			children = (
				012ABDC6241D045500EBEC9B /* DDAlert.swift */,
				012ABDC7241D045500EBEC9B /* DDAlert.xib */,
				01D9BFB2241D10E60034E534 /* DDAlertView.swift */,
				01D9BFB8241D30F40034E534 /* DDAlertView.xib */,
				01D9BFB6241D1B100034E534 /* DDAlertAppearance.swift */,
				01D9BFBA241D46590034E534 /* DDAlertAction.swift */,
				01D9BFBC241D49580034E534 /* DDAlertActionAppearance.swift */,
				01D9BFBE241D4C2B0034E534 /* DDAlertButton.swift */,
			);
			path = Source;
			sourceTree = "<group>";
		};
/* End PBXGroup section */

/* Begin PBXHeadersBuildPhase section */
		012ABD8D241CF88900EBEC9B /* Headers */ = {
			isa = PBXHeadersBuildPhase;
			buildActionMask = 2147483647;
			files = (
				012ABDA3241CF88900EBEC9B /* DDAlert.h in Headers */,
			);
			runOnlyForDeploymentPostprocessing = 0;
		};
/* End PBXHeadersBuildPhase section */

/* Begin PBXNativeTarget section */
		012ABD91241CF88900EBEC9B /* DDAlert */ = {
			isa = PBXNativeTarget;
			buildConfigurationList = 012ABDA6241CF88900EBEC9B /* Build configuration list for PBXNativeTarget "DDAlert" */;
			buildPhases = (
				012ABD8D241CF88900EBEC9B /* Headers */,
				012ABD8E241CF88900EBEC9B /* Sources */,
				012ABD8F241CF88900EBEC9B /* Frameworks */,
				012ABD90241CF88900EBEC9B /* Resources */,
			);
			buildRules = (
			);
			dependencies = (
			);
			name = DDAlert;
			productName = DDAlert;
			productReference = 012ABD92241CF88900EBEC9B /* DDAlert.framework */;
			productType = "com.apple.product-type.framework";
		};
		012ABD9A241CF88900EBEC9B /* DDAlertTests */ = {
			isa = PBXNativeTarget;
			buildConfigurationList = 012ABDA9241CF88900EBEC9B /* Build configuration list for PBXNativeTarget "DDAlertTests" */;
			buildPhases = (
				012ABD97241CF88900EBEC9B /* Sources */,
				012ABD98241CF88900EBEC9B /* Frameworks */,
				012ABD99241CF88900EBEC9B /* Resources */,
			);
			buildRules = (
			);
			dependencies = (
				012ABD9E241CF88900EBEC9B /* PBXTargetDependency */,
			);
			name = DDAlertTests;
			productName = DDAlertTests;
			productReference = 012ABD9B241CF88900EBEC9B /* DDAlertTests.xctest */;
			productType = "com.apple.product-type.bundle.unit-test";
		};
		012ABDAF241D022B00EBEC9B /* Example */ = {
			isa = PBXNativeTarget;
			buildConfigurationList = 012ABDC3241D022E00EBEC9B /* Build configuration list for PBXNativeTarget "Example" */;
			buildPhases = (
				012ABDAC241D022B00EBEC9B /* Sources */,
				012ABDAD241D022B00EBEC9B /* Frameworks */,
				012ABDAE241D022B00EBEC9B /* Resources */,
			);
			buildRules = (
			);
			dependencies = (
			);
			name = Example;
			productName = Example;
			productReference = 012ABDB0241D022B00EBEC9B /* Example.app */;
			productType = "com.apple.product-type.application";
		};
/* End PBXNativeTarget section */

/* Begin PBXProject section */
		012ABD89241CF88900EBEC9B /* Project object */ = {
			isa = PBXProject;
			attributes = {
				LastSwiftUpdateCheck = 1130;
				LastUpgradeCheck = 1130;
				ORGANIZATIONNAME = "Thanh Duc Do";
				TargetAttributes = {
					012ABD91241CF88900EBEC9B = {
						CreatedOnToolsVersion = 11.3;
						LastSwiftMigration = 1130;
					};
					012ABD9A241CF88900EBEC9B = {
						CreatedOnToolsVersion = 11.3;
					};
					012ABDAF241D022B00EBEC9B = {
						CreatedOnToolsVersion = 11.3;
					};
				};
			};
			buildConfigurationList = 012ABD8C241CF88900EBEC9B /* Build configuration list for PBXProject "DDAlert" */;
			compatibilityVersion = "Xcode 9.3";
			developmentRegion = en;
			hasScannedForEncodings = 0;
			knownRegions = (
				en,
				Base,
			);
			mainGroup = 012ABD88241CF88900EBEC9B;
			productRefGroup = 012ABD93241CF88900EBEC9B /* Products */;
			projectDirPath = "";
			projectRoot = "";
			targets = (
				012ABDAF241D022B00EBEC9B /* Example */,
				012ABD91241CF88900EBEC9B /* DDAlert */,
				012ABD9A241CF88900EBEC9B /* DDAlertTests */,
			);
		};
/* End PBXProject section */

/* Begin PBXResourcesBuildPhase section */
		012ABD90241CF88900EBEC9B /* Resources */ = {
			isa = PBXResourcesBuildPhase;
			buildActionMask = 2147483647;
			files = (
				012ABDC9241D045500EBEC9B /* DDAlert.xib in Resources */,
				01D9BFB9241D30F40034E534 /* DDAlertView.xib in Resources */,
				01D9BFB1241D0FD50034E534 /* DDAlert.podspec in Resources */,
			);
			runOnlyForDeploymentPostprocessing = 0;
		};
		012ABD99241CF88900EBEC9B /* Resources */ = {
			isa = PBXResourcesBuildPhase;
			buildActionMask = 2147483647;
			files = (
			);
			runOnlyForDeploymentPostprocessing = 0;
		};
		012ABDAE241D022B00EBEC9B /* Resources */ = {
			isa = PBXResourcesBuildPhase;
			buildActionMask = 2147483647;
			files = (
				012ABDBF241D022E00EBEC9B /* LaunchScreen.storyboard in Resources */,
				012ABDBC241D022E00EBEC9B /* Assets.xcassets in Resources */,
			);
			runOnlyForDeploymentPostprocessing = 0;
		};
/* End PBXResourcesBuildPhase section */

/* Begin PBXSourcesBuildPhase section */
		012ABD8E241CF88900EBEC9B /* Sources */ = {
			isa = PBXSourcesBuildPhase;
			buildActionMask = 2147483647;
			files = (
				01D9BFBF241D4C2B0034E534 /* DDAlertButton.swift in Sources */,
				01D9BFBB241D46590034E534 /* DDAlertAction.swift in Sources */,
				012ABDC8241D045500EBEC9B /* DDAlert.swift in Sources */,
				01D9BFB7241D1B100034E534 /* DDAlertAppearance.swift in Sources */,
				01D9BFBD241D49580034E534 /* DDAlertActionAppearance.swift in Sources */,
				01D9BFB3241D10E60034E534 /* DDAlertView.swift in Sources */,
			);
			runOnlyForDeploymentPostprocessing = 0;
		};
		012ABD97241CF88900EBEC9B /* Sources */ = {
			isa = PBXSourcesBuildPhase;
			buildActionMask = 2147483647;
			files = (
				012ABDA1241CF88900EBEC9B /* DDAlertTests.swift in Sources */,
			);
			runOnlyForDeploymentPostprocessing = 0;
		};
		012ABDAC241D022B00EBEC9B /* Sources */ = {
			isa = PBXSourcesBuildPhase;
			buildActionMask = 2147483647;
			files = (
				012ABDCB241D081A00EBEC9B /* SimpleViewController.swift in Sources */,
				012ABDB3241D022B00EBEC9B /* AppDelegate.swift in Sources */,
			);
			runOnlyForDeploymentPostprocessing = 0;
		};
/* End PBXSourcesBuildPhase section */

/* Begin PBXTargetDependency section */
		012ABD9E241CF88900EBEC9B /* PBXTargetDependency */ = {
			isa = PBXTargetDependency;
			target = 012ABD91241CF88900EBEC9B /* DDAlert */;
			targetProxy = 012ABD9D241CF88900EBEC9B /* PBXContainerItemProxy */;
		};
/* End PBXTargetDependency section */

/* Begin PBXVariantGroup section */
		012ABDBD241D022E00EBEC9B /* LaunchScreen.storyboard */ = {
			isa = PBXVariantGroup;
			children = (
				012ABDBE241D022E00EBEC9B /* Base */,
			);
			name = LaunchScreen.storyboard;
			sourceTree = "<group>";
		};
/* End PBXVariantGroup section */

/* Begin XCBuildConfiguration section */
		012ABDA4241CF88900EBEC9B /* Debug */ = {
			isa = XCBuildConfiguration;
			buildSettings = {
				ALWAYS_SEARCH_USER_PATHS = NO;
				CLANG_ANALYZER_NONNULL = YES;
				CLANG_ANALYZER_NUMBER_OBJECT_CONVERSION = YES_AGGRESSIVE;
				CLANG_CXX_LANGUAGE_STANDARD = "gnu++14";
				CLANG_CXX_LIBRARY = "libc++";
				CLANG_ENABLE_MODULES = YES;
				CLANG_ENABLE_OBJC_ARC = YES;
				CLANG_ENABLE_OBJC_WEAK = YES;
				CLANG_WARN_BLOCK_CAPTURE_AUTORELEASING = YES;
				CLANG_WARN_BOOL_CONVERSION = YES;
				CLANG_WARN_COMMA = YES;
				CLANG_WARN_CONSTANT_CONVERSION = YES;
				CLANG_WARN_DEPRECATED_OBJC_IMPLEMENTATIONS = YES;
				CLANG_WARN_DIRECT_OBJC_ISA_USAGE = YES_ERROR;
				CLANG_WARN_DOCUMENTATION_COMMENTS = YES;
				CLANG_WARN_EMPTY_BODY = YES;
				CLANG_WARN_ENUM_CONVERSION = YES;
				CLANG_WARN_INFINITE_RECURSION = YES;
				CLANG_WARN_INT_CONVERSION = YES;
				CLANG_WARN_NON_LITERAL_NULL_CONVERSION = YES;
				CLANG_WARN_OBJC_IMPLICIT_RETAIN_SELF = YES;
				CLANG_WARN_OBJC_LITERAL_CONVERSION = YES;
				CLANG_WARN_OBJC_ROOT_CLASS = YES_ERROR;
				CLANG_WARN_RANGE_LOOP_ANALYSIS = YES;
				CLANG_WARN_STRICT_PROTOTYPES = YES;
				CLANG_WARN_SUSPICIOUS_MOVE = YES;
				CLANG_WARN_UNGUARDED_AVAILABILITY = YES_AGGRESSIVE;
				CLANG_WARN_UNREACHABLE_CODE = YES;
				CLANG_WARN__DUPLICATE_METHOD_MATCH = YES;
				COPY_PHASE_STRIP = NO;
				CURRENT_PROJECT_VERSION = 1;
				DEBUG_INFORMATION_FORMAT = "dwarf-with-dsym";
				ENABLE_STRICT_OBJC_MSGSEND = YES;
				ENABLE_TESTABILITY = YES;
				GCC_C_LANGUAGE_STANDARD = gnu11;
				GCC_DYNAMIC_NO_PIC = NO;
				GCC_NO_COMMON_BLOCKS = YES;
				GCC_OPTIMIZATION_LEVEL = 0;
				GCC_PREPROCESSOR_DEFINITIONS = (
					"DEBUG=1",
					"$(inherited)",
				);
				GCC_WARN_64_TO_32_BIT_CONVERSION = YES;
				GCC_WARN_ABOUT_RETURN_TYPE = YES_ERROR;
				GCC_WARN_UNDECLARED_SELECTOR = YES;
				GCC_WARN_UNINITIALIZED_AUTOS = YES_AGGRESSIVE;
				GCC_WARN_UNUSED_FUNCTION = YES;
				GCC_WARN_UNUSED_VARIABLE = YES;
				IPHONEOS_DEPLOYMENT_TARGET = 9.0;
				MTL_ENABLE_DEBUG_INFO = INCLUDE_SOURCE;
				MTL_FAST_MATH = YES;
				ONLY_ACTIVE_ARCH = YES;
				SDKROOT = iphoneos;
				SWIFT_ACTIVE_COMPILATION_CONDITIONS = DEBUG;
				SWIFT_OPTIMIZATION_LEVEL = "-Onone";
				SWIFT_VERSION = 5.0;
				TARGETED_DEVICE_FAMILY = "1,2";
				VERSIONING_SYSTEM = "apple-generic";
				VERSION_INFO_PREFIX = "";
			};
			name = Debug;
		};
		012ABDA5241CF88900EBEC9B /* Release */ = {
			isa = XCBuildConfiguration;
			buildSettings = {
				ALWAYS_SEARCH_USER_PATHS = NO;
				CLANG_ANALYZER_NONNULL = YES;
				CLANG_ANALYZER_NUMBER_OBJECT_CONVERSION = YES_AGGRESSIVE;
				CLANG_CXX_LANGUAGE_STANDARD = "gnu++14";
				CLANG_CXX_LIBRARY = "libc++";
				CLANG_ENABLE_MODULES = YES;
				CLANG_ENABLE_OBJC_ARC = YES;
				CLANG_ENABLE_OBJC_WEAK = YES;
				CLANG_WARN_BLOCK_CAPTURE_AUTORELEASING = YES;
				CLANG_WARN_BOOL_CONVERSION = YES;
				CLANG_WARN_COMMA = YES;
				CLANG_WARN_CONSTANT_CONVERSION = YES;
				CLANG_WARN_DEPRECATED_OBJC_IMPLEMENTATIONS = YES;
				CLANG_WARN_DIRECT_OBJC_ISA_USAGE = YES_ERROR;
				CLANG_WARN_DOCUMENTATION_COMMENTS = YES;
				CLANG_WARN_EMPTY_BODY = YES;
				CLANG_WARN_ENUM_CONVERSION = YES;
				CLANG_WARN_INFINITE_RECURSION = YES;
				CLANG_WARN_INT_CONVERSION = YES;
				CLANG_WARN_NON_LITERAL_NULL_CONVERSION = YES;
				CLANG_WARN_OBJC_IMPLICIT_RETAIN_SELF = YES;
				CLANG_WARN_OBJC_LITERAL_CONVERSION = YES;
				CLANG_WARN_OBJC_ROOT_CLASS = YES_ERROR;
				CLANG_WARN_RANGE_LOOP_ANALYSIS = YES;
				CLANG_WARN_STRICT_PROTOTYPES = YES;
				CLANG_WARN_SUSPICIOUS_MOVE = YES;
				CLANG_WARN_UNGUARDED_AVAILABILITY = YES_AGGRESSIVE;
				CLANG_WARN_UNREACHABLE_CODE = YES;
				CLANG_WARN__DUPLICATE_METHOD_MATCH = YES;
				COPY_PHASE_STRIP = NO;
				CURRENT_PROJECT_VERSION = 1;
				DEBUG_INFORMATION_FORMAT = "dwarf-with-dsym";
				ENABLE_NS_ASSERTIONS = NO;
				ENABLE_STRICT_OBJC_MSGSEND = YES;
				GCC_C_LANGUAGE_STANDARD = gnu11;
				GCC_NO_COMMON_BLOCKS = YES;
				GCC_WARN_64_TO_32_BIT_CONVERSION = YES;
				GCC_WARN_ABOUT_RETURN_TYPE = YES_ERROR;
				GCC_WARN_UNDECLARED_SELECTOR = YES;
				GCC_WARN_UNINITIALIZED_AUTOS = YES_AGGRESSIVE;
				GCC_WARN_UNUSED_FUNCTION = YES;
				GCC_WARN_UNUSED_VARIABLE = YES;
				IPHONEOS_DEPLOYMENT_TARGET = 9.0;
				MTL_ENABLE_DEBUG_INFO = NO;
				MTL_FAST_MATH = YES;
				SDKROOT = iphoneos;
				SWIFT_COMPILATION_MODE = wholemodule;
				SWIFT_OPTIMIZATION_LEVEL = "-O";
				SWIFT_VERSION = 5.0;
				TARGETED_DEVICE_FAMILY = "1,2";
				VALIDATE_PRODUCT = YES;
				VERSIONING_SYSTEM = "apple-generic";
				VERSION_INFO_PREFIX = "";
			};
			name = Release;
		};
		012ABDA7241CF88900EBEC9B /* Debug */ = {
			isa = XCBuildConfiguration;
			buildSettings = {
				CLANG_ENABLE_MODULES = YES;
				CODE_SIGN_STYLE = Automatic;
				DEFINES_MODULE = YES;
				DEVELOPMENT_TEAM = D5F9AJ2FHF;
				DYLIB_COMPATIBILITY_VERSION = 1;
				DYLIB_CURRENT_VERSION = 1;
				DYLIB_INSTALL_NAME_BASE = "@rpath";
				INFOPLIST_FILE = "DDAlert/Config files/Info.plist";
				INSTALL_PATH = "$(LOCAL_LIBRARY_DIR)/Frameworks";
				LD_RUNPATH_SEARCH_PATHS = (
					"$(inherited)",
					"@executable_path/Frameworks",
					"@loader_path/Frameworks",
				);
				PRODUCT_BUNDLE_IDENTIFIER = com.thanhducdo.DDAlert;
				PRODUCT_NAME = "$(TARGET_NAME:c99extidentifier)";
				SKIP_INSTALL = YES;
				SWIFT_OPTIMIZATION_LEVEL = "-Onone";
				SWIFT_VERSION = 5.0;
			};
			name = Debug;
		};
		012ABDA8241CF88900EBEC9B /* Release */ = {
			isa = XCBuildConfiguration;
			buildSettings = {
				CLANG_ENABLE_MODULES = YES;
				CODE_SIGN_STYLE = Automatic;
				DEFINES_MODULE = YES;
				DEVELOPMENT_TEAM = D5F9AJ2FHF;
				DYLIB_COMPATIBILITY_VERSION = 1;
				DYLIB_CURRENT_VERSION = 1;
				DYLIB_INSTALL_NAME_BASE = "@rpath";
				INFOPLIST_FILE = "DDAlert/Config files/Info.plist";
				INSTALL_PATH = "$(LOCAL_LIBRARY_DIR)/Frameworks";
				LD_RUNPATH_SEARCH_PATHS = (
					"$(inherited)",
					"@executable_path/Frameworks",
					"@loader_path/Frameworks",
				);
				PRODUCT_BUNDLE_IDENTIFIER = com.thanhducdo.DDAlert;
				PRODUCT_NAME = "$(TARGET_NAME:c99extidentifier)";
				SKIP_INSTALL = YES;
				SWIFT_VERSION = 5.0;
			};
			name = Release;
		};
		012ABDAA241CF88900EBEC9B /* Debug */ = {
			isa = XCBuildConfiguration;
			buildSettings = {
				ALWAYS_EMBED_SWIFT_STANDARD_LIBRARIES = YES;
				CODE_SIGN_STYLE = Automatic;
				DEVELOPMENT_TEAM = D5F9AJ2FHF;
				INFOPLIST_FILE = DDAlertTests/Info.plist;
				LD_RUNPATH_SEARCH_PATHS = (
					"$(inherited)",
					"@executable_path/Frameworks",
					"@loader_path/Frameworks",
				);
				PRODUCT_BUNDLE_IDENTIFIER = com.thanhducdo.DDAlertTests;
				PRODUCT_NAME = "$(TARGET_NAME)";
				TARGETED_DEVICE_FAMILY = "1,2";
			};
			name = Debug;
		};
		012ABDAB241CF88900EBEC9B /* Release */ = {
			isa = XCBuildConfiguration;
			buildSettings = {
				ALWAYS_EMBED_SWIFT_STANDARD_LIBRARIES = YES;
				CODE_SIGN_STYLE = Automatic;
				DEVELOPMENT_TEAM = D5F9AJ2FHF;
				INFOPLIST_FILE = DDAlertTests/Info.plist;
				LD_RUNPATH_SEARCH_PATHS = (
					"$(inherited)",
					"@executable_path/Frameworks",
					"@loader_path/Frameworks",
				);
				PRODUCT_BUNDLE_IDENTIFIER = com.thanhducdo.DDAlertTests;
				PRODUCT_NAME = "$(TARGET_NAME)";
				TARGETED_DEVICE_FAMILY = "1,2";
			};
			name = Release;
		};
		012ABDC1241D022E00EBEC9B /* Debug */ = {
			isa = XCBuildConfiguration;
			buildSettings = {
				ASSETCATALOG_COMPILER_APPICON_NAME = AppIcon;
				CODE_SIGN_STYLE = Automatic;
				DEBUG_INFORMATION_FORMAT = dwarf;
				DEVELOPMENT_TEAM = D5F9AJ2FHF;
				INFOPLIST_FILE = Example/Info.plist;
				LD_RUNPATH_SEARCH_PATHS = (
					"$(inherited)",
					"@executable_path/Frameworks",
				);
				PRODUCT_BUNDLE_IDENTIFIER = com.thanhducdo.Example;
				PRODUCT_NAME = "$(TARGET_NAME)";
				TARGETED_DEVICE_FAMILY = "1,2";
			};
			name = Debug;
		};
		012ABDC2241D022E00EBEC9B /* Release */ = {
			isa = XCBuildConfiguration;
			buildSettings = {
				ASSETCATALOG_COMPILER_APPICON_NAME = AppIcon;
				CODE_SIGN_STYLE = Automatic;
				DEVELOPMENT_TEAM = D5F9AJ2FHF;
				INFOPLIST_FILE = Example/Info.plist;
				LD_RUNPATH_SEARCH_PATHS = (
					"$(inherited)",
					"@executable_path/Frameworks",
				);
				PRODUCT_BUNDLE_IDENTIFIER = com.thanhducdo.Example;
				PRODUCT_NAME = "$(TARGET_NAME)";
				TARGETED_DEVICE_FAMILY = "1,2";
			};
			name = Release;
		};
/* End XCBuildConfiguration section */

/* Begin XCConfigurationList section */
		012ABD8C241CF88900EBEC9B /* Build configuration list for PBXProject "DDAlert" */ = {
			isa = XCConfigurationList;
			buildConfigurations = (
				012ABDA4241CF88900EBEC9B /* Debug */,
				012ABDA5241CF88900EBEC9B /* Release */,
			);
			defaultConfigurationIsVisible = 0;
			defaultConfigurationName = Release;
		};
		012ABDA6241CF88900EBEC9B /* Build configuration list for PBXNativeTarget "DDAlert" */ = {
			isa = XCConfigurationList;
			buildConfigurations = (
				012ABDA7241CF88900EBEC9B /* Debug */,
				012ABDA8241CF88900EBEC9B /* Release */,
			);
			defaultConfigurationIsVisible = 0;
			defaultConfigurationName = Release;
		};
		012ABDA9241CF88900EBEC9B /* Build configuration list for PBXNativeTarget "DDAlertTests" */ = {
			isa = XCConfigurationList;
			buildConfigurations = (
				012ABDAA241CF88900EBEC9B /* Debug */,
				012ABDAB241CF88900EBEC9B /* Release */,
			);
			defaultConfigurationIsVisible = 0;
			defaultConfigurationName = Release;
		};
		012ABDC3241D022E00EBEC9B /* Build configuration list for PBXNativeTarget "Example" */ = {
			isa = XCConfigurationList;
			buildConfigurations = (
				012ABDC1241D022E00EBEC9B /* Debug */,
				012ABDC2241D022E00EBEC9B /* Release */,
			);
			defaultConfigurationIsVisible = 0;
			defaultConfigurationName = Release;
		};
/* End XCConfigurationList section */
	};
	rootObject = 012ABD89241CF88900EBEC9B /* Project object */;
}
